
Microsoft Visual Studio Solution File, Format Version 12.00
# Visual Studio Version 16
VisualStudioVersion = 16.0.30128.74
MinimumVisualStudioVersion = 10.0.40219.1
Project("{FAE04EC0-301F-11D3-BF4B-00C04F79EFBC}") = "PetaPocoApp", "PetaPocoApp\PetaPocoApp.csproj", "{74C2DCF2-8495-4772-B790-F1299D0C33F6}"
EndProject
Project("{FAE04EC0-301F-11D3-BF4B-00C04F79EFBC}") = "OpenControls.Wpf.DatabaseDialogs", "OpenControls.Wpf.DatabaseDialogs\OpenControls.Wpf.DatabaseDialogs.csproj", "{0AA60763-2948-40FB-8BA4-8481E54625F3}"
EndProject
Project("{FAE04EC0-301F-11D3-BF4B-00C04F79EFBC}") = "OpenControls.Wpf.Serialisation", "OpenControls.Wpf.Serialisation\OpenControls.Wpf.Serialisation.csproj", "{862F0B90-10D6-4AE3-A19C-490EC3576C7B}"
EndProject
Global
	GlobalSection(SolutionConfigurationPlatforms) = preSolution
		Debug|Any CPU = Debug|Any CPU
		Release|Any CPU = Release|Any CPU
	EndGlobalSection
	GlobalSection(ProjectConfigurationPlatforms) = postSolution
		{74C2DCF2-8495-4772-B790-F1299D0C33F6}.Debug|Any CPU.ActiveCfg = Debug|Any CPU
		{74C2DCF2-8495-4772-B790-F1299D0C33F6}.Debug|Any CPU.Build.0 = Debug|Any CPU
		{74C2DCF2-8495-4772-B790-F1299D0C33F6}.Release|Any CPU.ActiveCfg = Release|Any CPU
		{74C2DCF2-8495-4772-B790-F1299D0C33F6}.Release|Any CPU.Build.0 = Release|Any CPU
		{0AA60763-2948-40FB-8BA4-8481E54625F3}.Debug|Any CPU.ActiveCfg = Debug|Any CPU
		{0AA60763-2948-40FB-8BA4-8481E54625F3}.Debug|Any CPU.Build.0 = Debug|Any CPU
		{0AA60763-2948-40FB-8BA4-8481E54625F3}.Release|Any CPU.ActiveCfg = Release|Any CPU
		{0AA60763-2948-40FB-8BA4-8481E54625F3}.Release|Any CPU.Build.0 = Release|Any CPU
		{862F0B90-10D6-4AE3-A19C-490EC3576C7B}.Debug|Any CPU.ActiveCfg = Debug|Any CPU
		{862F0B90-10D6-4AE3-A19C-490EC3576C7B}.Debug|Any CPU.Build.0 = Debug|Any CPU
		{862F0B90-10D6-4AE3-A19C-490EC3576C7B}.Release|Any CPU.ActiveCfg = Release|Any CPU
		{862F0B90-10D6-4AE3-A19C-490EC3576C7B}.Release|Any CPU.Build.0 = Release|Any CPU
	EndGlobalSection
	GlobalSection(SolutionProperties) = preSolution
		HideSolutionNode = FALSE
	EndGlobalSection
	GlobalSection(ExtensibilityGlobals) = postSolution
		SolutionGuid = {D71FD80F-7A20-4495-B924-303D77D37855}
	EndGlobalSection
EndGlobal
